
Microsoft Visual Studio Solution File, Format Version 12.00
# Visual Studio 15
VisualStudioVersion = 15.0.28010.2041
MinimumVisualStudioVersion = 10.0.40219.1
Project("{FAE04EC0-301F-11D3-BF4B-00C04F79EFBC}") = "Lab2_2", "Lab2_2\Lab2_2.csproj", "{C8FAEC52-649F-4C4C-BBFA-1C550A5BC2EC}"
EndProject
Global
	GlobalSection(SolutionConfigurationPlatforms) = preSolution
		Debug|Any CPU = Debug|Any CPU
		Release|Any CPU = Release|Any CPU
	EndGlobalSection
	GlobalSection(ProjectConfigurationPlatforms) = postSolution
		{C8FAEC52-649F-4C4C-BBFA-1C550A5BC2EC}.Debug|Any CPU.ActiveCfg = Debug|Any CPU
		{C8FAEC52-649F-4C4C-BBFA-1C550A5BC2EC}.Debug|Any CPU.Build.0 = Debug|Any CPU
		{C8FAEC52-649F-4C4C-BBFA-1C550A5BC2EC}.Release|Any CPU.ActiveCfg = Release|Any CPU
		{C8FAEC52-649F-4C4C-BBFA-1C550A5BC2EC}.Release|Any CPU.Build.0 = Release|Any CPU
	EndGlobalSection
	GlobalSection(SolutionProperties) = preSolution
		HideSolutionNode = FALSE
	EndGlobalSection
	GlobalSection(ExtensibilityGlobals) = postSolution
		SolutionGuid = {73E942C2-8F1C-4485-A293-C9DCFEFF3CCB}
	EndGlobalSection
EndGlobal
